// !$*UTF8*$!
{
	archiveVersion = 1;
	classes = {
	};
	objectVersion = 48;
	objects = {

/* Begin PBXBuildFile section */
		6542EF75209A3702008C5F01 /* SwiftyJSON.swift in Sources */ = {isa = PBXBuildFile; fileRef = 6542EF74209A3702008C5F01 /* SwiftyJSON.swift */; };
		655E68DD20915C9900BDBAD6 /* AppDelegate.swift in Sources */ = {isa = PBXBuildFile; fileRef = 655E68DC20915C9900BDBAD6 /* AppDelegate.swift */; };
		655E68DF20915C9900BDBAD6 /* ViewController.swift in Sources */ = {isa = PBXBuildFile; fileRef = 655E68DE20915C9900BDBAD6 /* ViewController.swift */; };
		655E68E220915C9900BDBAD6 /* Main.storyboard in Resources */ = {isa = PBXBuildFile; fileRef = 655E68E020915C9900BDBAD6 /* Main.storyboard */; };
		655E68E420915C9900BDBAD6 /* Assets.xcassets in Resources */ = {isa = PBXBuildFile; fileRef = 655E68E320915C9900BDBAD6 /* Assets.xcassets */; };
		655E68E720915C9900BDBAD6 /* LaunchScreen.storyboard in Resources */ = {isa = PBXBuildFile; fileRef = 655E68E520915C9900BDBAD6 /* LaunchScreen.storyboard */; };
		65EB129A209E788300FDE910 /* DetailViewController.swift in Sources */ = {isa = PBXBuildFile; fileRef = 65EB1299209E788300FDE910 /* DetailViewController.swift */; };
/* End PBXBuildFile section */

/* Begin PBXFileReference section */
		6542EF74209A3702008C5F01 /* SwiftyJSON.swift */ = {isa = PBXFileReference; fileEncoding = 4; lastKnownFileType = sourcecode.swift; path = SwiftyJSON.swift; sourceTree = "<group>"; };
		655E68D920915C9900BDBAD6 /* project7.app */ = {isa = PBXFileReference; explicitFileType = wrapper.application; includeInIndex = 0; path = project7.app; sourceTree = BUILT_PRODUCTS_DIR; };
		655E68DC20915C9900BDBAD6 /* AppDelegate.swift */ = {isa = PBXFileReference; lastKnownFileType = sourcecode.swift; path = AppDelegate.swift; sourceTree = "<group>"; };
		655E68DE20915C9900BDBAD6 /* ViewController.swift */ = {isa = PBXFileReference; lastKnownFileType = sourcecode.swift; path = ViewController.swift; sourceTree = "<group>"; };
		655E68E120915C9900BDBAD6 /* Base */ = {isa = PBXFileReference; lastKnownFileType = file.storyboard; name = Base; path = Base.lproj/Main.storyboard; sourceTree = "<group>"; };
		655E68E320915C9900BDBAD6 /* Assets.xcassets */ = {isa = PBXFileReference; lastKnownFileType = folder.assetcatalog; path = Assets.xcassets; sourceTree = "<group>"; };
		655E68E620915C9900BDBAD6 /* Base */ = {isa = PBXFileReference; lastKnownFileType = file.storyboard; name = Base; path = Base.lproj/LaunchScreen.storyboard; sourceTree = "<group>"; };
		655E68E820915C9900BDBAD6 /* Info.plist */ = {isa = PBXFileReference; lastKnownFileType = text.plist.xml; path = Info.plist; sourceTree = "<group>"; };
		65EB1299209E788300FDE910 /* DetailViewController.swift */ = {isa = PBXFileReference; lastKnownFileType = sourcecode.swift; path = DetailViewController.swift; sourceTree = "<group>"; };
/* End PBXFileReference section */

/* Begin PBXFrameworksBuildPhase section */
		655E68D620915C9900BDBAD6 /* Frameworks */ = {
			isa = PBXFrameworksBuildPhase;
			buildActionMask = 2147483647;
			files = (
			);
			runOnlyForDeploymentPostprocessing = 0;
		};
/* End PBXFrameworksBuildPhase section */

/* Begin PBXGroup section */
		655E68D020915C9900BDBAD6 = {
			isa = PBXGroup;
			children = (
				655E68DB20915C9900BDBAD6 /* project7 */,
				655E68DA20915C9900BDBAD6 /* Products */,
			);
			sourceTree = "<group>";
		};
		655E68DA20915C9900BDBAD6 /* Products */ = {
			isa = PBXGroup;
			children = (
				655E68D920915C9900BDBAD6 /* project7.app */,
			);
			name = Products;
			sourceTree = "<group>";
		};
		655E68DB20915C9900BDBAD6 /* project7 */ = {
			isa = PBXGroup;
			children = (
				655E68DC20915C9900BDBAD6 /* AppDelegate.swift */,
				655E68DE20915C9900BDBAD6 /* ViewController.swift */,
				65EB1299209E788300FDE910 /* DetailViewController.swift */,
				6542EF74209A3702008C5F01 /* SwiftyJSON.swift */,
				655E68E020915C9900BDBAD6 /* Main.storyboard */,
				655E68E320915C9900BDBAD6 /* Assets.xcassets */,
				655E68E520915C9900BDBAD6 /* LaunchScreen.storyboard */,
				655E68E820915C9900BDBAD6 /* Info.plist */,
			);
			path = project7;
			sourceTree = "<group>";
		};
/* End PBXGroup section */

/* Begin PBXNativeTarget section */
		655E68D820915C9900BDBAD6 /* project7 */ = {
			isa = PBXNativeTarget;
			buildConfigurationList = 655E68EB20915C9900BDBAD6 /* Build configuration list for PBXNativeTarget "project7" */;
			buildPhases = (
				655E68D520915C9900BDBAD6 /* Sources */,
				655E68D620915C9900BDBAD6 /* Frameworks */,
				655E68D720915C9900BDBAD6 /* Resources */,
			);
			buildRules = (
			);
			dependencies = (
			);
			name = project7;
			productName = project7;
			productReference = 655E68D920915C9900BDBAD6 /* project7.app */;
			productType = "com.apple.product-type.application";
		};
/* End PBXNativeTarget section */

/* Begin PBXProject section */
		655E68D120915C9900BDBAD6 /* Project object */ = {
			isa = PBXProject;
			attributes = {
				LastSwiftUpdateCheck = 0920;
				LastUpgradeCheck = 0920;
				ORGANIZATIONNAME = "Chris Gonzaga324243";
				TargetAttributes = {
					655E68D820915C9900BDBAD6 = {
						CreatedOnToolsVersion = 9.2;
						ProvisioningStyle = Automatic;
					};
				};
			};
			buildConfigurationList = 655E68D420915C9900BDBAD6 /* Build configuration list for PBXProject "project7" */;
			compatibilityVersion = "Xcode 8.0";
			developmentRegion = en;
			hasScannedForEncodings = 0;
			knownRegions = (
				en,
				Base,
			);
			mainGroup = 655E68D020915C9900BDBAD6;
			productRefGroup = 655E68DA20915C9900BDBAD6 /* Products */;
			projectDirPath = "";
			projectRoot = "";
			targets = (
				655E68D820915C9900BDBAD6 /* project7 */,
			);
		};
/* End PBXProject section */

/* Begin PBXResourcesBuildPhase section */
		655E68D720915C9900BDBAD6 /* Resources */ = {
			isa = PBXResourcesBuildPhase;
			buildActionMask = 2147483647;
			files = (
				655E68E720915C9900BDBAD6 /* LaunchScreen.storyboard in Resources */,
				655E68E420915C9900BDBAD6 /* Assets.xcassets in Resources */,
				655E68E220915C9900BDBAD6 /* Main.storyboard in Resources */,
			);
			runOnlyForDeploymentPostprocessing = 0;
		};
/* End PBXResourcesBuildPhase section */

/* Begin PBXSourcesBuildPhase section */
		655E68D520915C9900BDBAD6 /* Sources */ = {
			isa = PBXSourcesBuildPhase;
			buildActionMask = 2147483647;
			files = (
				6542EF75209A3702008C5F01 /* SwiftyJSON.swift in Sources */,
				655E68DF20915C9900BDBAD6 /* ViewController.swift in Sources */,
				655E68DD20915C9900BDBAD6 /* AppDelegate.swift in Sources */,
				65EB129A209E788300FDE910 /* DetailViewController.swift in Sources */,
			);
			runOnlyForDeploymentPostprocessing = 0;
		};
/* End PBXSourcesBuildPhase section */

/* Begin PBXVariantGroup section */
		655E68E020915C9900BDBAD6 /* Main.storyboard */ = {
			isa = PBXVariantGroup;
			children = (
				655E68E120915C9900BDBAD6 /* Base */,
			);
			name = Main.storyboard;
			sourceTree = "<group>";
		};
		655E68E520915C9900BDBAD6 /* LaunchScreen.storyboard */ = {
			isa = PBXVariantGroup;
			children = (
				655E68E620915C9900BDBAD6 /* Base */,
			);
			name = LaunchScreen.storyboard;
			sourceTree = "<group>";
		};
/* End PBXVariantGroup section */

/* Begin XCBuildConfiguration section */
		655E68E920915C9900BDBAD6 /* Debug */ = {
			isa = XCBuildConfiguration;
			buildSettings = {
				ALWAYS_SEARCH_USER_PATHS = NO;
				CLANG_ANALYZER_NONNULL = YES;
				CLANG_ANALYZER_NUMBER_OBJECT_CONVERSION = YES_AGGRESSIVE;
				CLANG_CXX_LANGUAGE_STANDARD = "gnu++14";
				CLANG_CXX_LIBRARY = "libc++";
				CLANG_ENABLE_MODULES = YES;
				CLANG_ENABLE_OBJC_ARC = YES;
				CLANG_WARN_BLOCK_CAPTURE_AUTORELEASING = YES;
				CLANG_WARN_BOOL_CONVERSION = YES;
				CLANG_WARN_COMMA = YES;
				CLANG_WARN_CONSTANT_CONVERSION = YES;
				CLANG_WARN_DIRECT_OBJC_ISA_USAGE = YES_ERROR;
				CLANG_WARN_DOCUMENTATION_COMMENTS = YES;
				CLANG_WARN_EMPTY_BODY = YES;
				CLANG_WARN_ENUM_CONVERSION = YES;
				CLANG_WARN_INFINITE_RECURSION = YES;
				CLANG_WARN_INT_CONVERSION = YES;
				CLANG_WARN_NON_LITERAL_NULL_CONVERSION = YES;
				CLANG_WARN_OBJC_LITERAL_CONVERSION = YES;
				CLANG_WARN_OBJC_ROOT_CLASS = YES_ERROR;
				CLANG_WARN_RANGE_LOOP_ANALYSIS = YES;
				CLANG_WARN_STRICT_PROTOTYPES = YES;
				CLANG_WARN_SUSPICIOUS_MOVE = YES;
				CLANG_WARN_UNGUARDED_AVAILABILITY = YES_AGGRESSIVE;
				CLANG_WARN_UNREACHABLE_CODE = YES;
				CLANG_WARN__DUPLICATE_METHOD_MATCH = YES;
				CODE_SIGN_IDENTITY = "iPhone Developer";
				COPY_PHASE_STRIP = NO;
				DEBUG_INFORMATION_FORMAT = dwarf;
				ENABLE_STRICT_OBJC_MSGSEND = YES;
				ENABLE_TESTABILITY = YES;
				GCC_C_LANGUAGE_STANDARD = gnu11;
				GCC_DYNAMIC_NO_PIC = NO;
				GCC_NO_COMMON_BLOCKS = YES;
				GCC_OPTIMIZATION_LEVEL = 0;
				GCC_PREPROCESSOR_DEFINITIONS = (
					"DEBUG=1",
					"$(inherited)",
				);
				GCC_WARN_64_TO_32_BIT_CONVERSION = YES;
				GCC_WARN_ABOUT_RETURN_TYPE = YES_ERROR;
				GCC_WARN_UNDECLARED_SELECTOR = YES;
				GCC_WARN_UNINITIALIZED_AUTOS = YES_AGGRESSIVE;
				GCC_WARN_UNUSED_FUNCTION = YES;
				GCC_WARN_UNUSED_VARIABLE = YES;
				IPHONEOS_DEPLOYMENT_TARGET = 11.2;
				MTL_ENABLE_DEBUG_INFO = YES;
				ONLY_ACTIVE_ARCH = YES;
				SDKROOT = iphoneos;
				SWIFT_ACTIVE_COMPILATION_CONDITIONS = DEBUG;
				SWIFT_OPTIMIZATION_LEVEL = "-Onone";
			};
			name = Debug;
		};
		655E68EA20915C9900BDBAD6 /* Release */ = {
			isa = XCBuildConfiguration;
			buildSettings = {
				ALWAYS_SEARCH_USER_PATHS = NO;
				CLANG_ANALYZER_NONNULL = YES;
				CLANG_ANALYZER_NUMBER_OBJECT_CONVERSION = YES_AGGRESSIVE;
				CLANG_CXX_LANGUAGE_STANDARD = "gnu++14";
				CLANG_CXX_LIBRARY = "libc++";
				CLANG_ENABLE_MODULES = YES;
				CLANG_ENABLE_OBJC_ARC = YES;
				CLANG_WARN_BLOCK_CAPTURE_AUTORELEASING = YES;
				CLANG_WARN_BOOL_CONVERSION = YES;
				CLANG_WARN_COMMA = YES;
				CLANG_WARN_CONSTANT_CONVERSION = YES;
				CLANG_WARN_DIRECT_OBJC_ISA_USAGE = YES_ERROR;
				CLANG_WARN_DOCUMENTATION_COMMENTS = YES;
				CLANG_WARN_EMPTY_BODY = YES;
				CLANG_WARN_ENUM_CONVERSION = YES;
				CLANG_WARN_INFINITE_RECURSION = YES;
				CLANG_WARN_INT_CONVERSION = YES;
				CLANG_WARN_NON_LITERAL_NULL_CONVERSION = YES;
				CLANG_WARN_OBJC_LITERAL_CONVERSION = YES;
				CLANG_WARN_OBJC_ROOT_CLASS = YES_ERROR;
				CLANG_WARN_RANGE_LOOP_ANALYSIS = YES;
				CLANG_WARN_STRICT_PROTOTYPES = YES;
				CLANG_WARN_SUSPICIOUS_MOVE = YES;
				CLANG_WARN_UNGUARDED_AVAILABILITY = YES_AGGRESSIVE;
				CLANG_WARN_UNREACHABLE_CODE = YES;
				CLANG_WARN__DUPLICATE_METHOD_MATCH = YES;
				CODE_SIGN_IDENTITY = "iPhone Developer";
				COPY_PHASE_STRIP = NO;
				DEBUG_INFORMATION_FORMAT = "dwarf-with-dsym";
				ENABLE_NS_ASSERTIONS = NO;
				ENABLE_STRICT_OBJC_MSGSEND = YES;
				GCC_C_LANGUAGE_STANDARD = gnu11;
				GCC_NO_COMMON_BLOCKS = YES;
				GCC_WARN_64_TO_32_BIT_CONVERSION = YES;
				GCC_WARN_ABOUT_RETURN_TYPE = YES_ERROR;
				GCC_WARN_UNDECLARED_SELECTOR = YES;
				GCC_WARN_UNINITIALIZED_AUTOS = YES_AGGRESSIVE;
				GCC_WARN_UNUSED_FUNCTION = YES;
				GCC_WARN_UNUSED_VARIABLE = YES;
				IPHONEOS_DEPLOYMENT_TARGET = 11.2;
				MTL_ENABLE_DEBUG_INFO = NO;
				SDKROOT = iphoneos;
				SWIFT_OPTIMIZATION_LEVEL = "-Owholemodule";
				VALIDATE_PRODUCT = YES;
			};
			name = Release;
		};
		655E68EC20915C9900BDBAD6 /* Debug */ = {
			isa = XCBuildConfiguration;
			buildSettings = {
				ASSETCATALOG_COMPILER_APPICON_NAME = AppIcon;
				CODE_SIGN_STYLE = Automatic;
				DEVELOPMENT_TEAM = A54CTU9446;
				INFOPLIST_FILE = project7/Info.plist;
				LD_RUNPATH_SEARCH_PATHS = "$(inherited) @executable_path/Frameworks";
				PRODUCT_BUNDLE_IDENTIFIER = com.example.project7234;
				PRODUCT_NAME = "$(TARGET_NAME)";
				SWIFT_VERSION = 4.0;
				TARGETED_DEVICE_FAMILY = "1,2";
			};
			name = Debug;
		};
		655E68ED20915C9900BDBAD6 /* Release */ = {
			isa = XCBuildConfiguration;
			buildSettings = {
				ASSETCATALOG_COMPILER_APPICON_NAME = AppIcon;
				CODE_SIGN_STYLE = Automatic;
				DEVELOPMENT_TEAM = A54CTU9446;
				INFOPLIST_FILE = project7/Info.plist;
				LD_RUNPATH_SEARCH_PATHS = "$(inherited) @executable_path/Frameworks";
				PRODUCT_BUNDLE_IDENTIFIER = com.example.project7234;
				PRODUCT_NAME = "$(TARGET_NAME)";
				SWIFT_VERSION = 4.0;
				TARGETED_DEVICE_FAMILY = "1,2";
			};
			name = Release;
		};
/* End XCBuildConfiguration section */

/* Begin XCConfigurationList section */
		655E68D420915C9900BDBAD6 /* Build configuration list for PBXProject "project7" */ = {
			isa = XCConfigurationList;
			buildConfigurations = (
				655E68E920915C9900BDBAD6 /* Debug */,
				655E68EA20915C9900BDBAD6 /* Release */,
			);
			defaultConfigurationIsVisible = 0;
			defaultConfigurationName = Release;
		};
		655E68EB20915C9900BDBAD6 /* Build configuration list for PBXNativeTarget "project7" */ = {
			isa = XCConfigurationList;
			buildConfigurations = (
				655E68EC20915C9900BDBAD6 /* Debug */,
				655E68ED20915C9900BDBAD6 /* Release */,
			);
			defaultConfigurationIsVisible = 0;
			defaultConfigurationName = Release;
		};
/* End XCConfigurationList section */
	};
	rootObject = 655E68D120915C9900BDBAD6 /* Project object */;
}
